{
  "name": "vuepress-starter",
  "version": "1.0.0",
  "lockfileVersion": 1,
  "requires": true,
  "dependencies": {
    "ajv": {
      "version": "6.12.0",
      "resolved": "https://registry.npm.taobao.org/ajv/download/ajv-6.12.0.tgz?cache=0&sync_timestamp=1582379612319&other_urls=https%3A%2F%2Fregistry.npm.taobao.org%2Fajv%2Fdownload%2Fajv-6.12.0.tgz",
      "integrity": "sha1-BtYLlth7hFSlrauobnhU2mKdtLc=",
      "requires": {
        "fast-deep-equal": "^3.1.1",
        "fast-json-stable-stringify": "^2.0.0",
        "json-schema-traverse": "^0.4.1",
        "uri-js": "^4.2.2"
      }
    },
    "ansi-escapes": {
      "version": "3.2.0",
      "resolved": "https://registry.npm.taobao.org/ansi-escapes/download/ansi-escapes-3.2.0.tgz",
      "integrity": "sha1-h4C5j/nb9WOBUtHx/lwde0RCl2s="
    },
    "ansi-regex": {
      "version": "3.0.0",
      "resolved": "https://registry.npm.taobao.org/ansi-regex/download/ansi-regex-3.0.0.tgz",
      "integrity": "sha1-7QMXwyIGT3lGbAKWa922Bas32Zg="
    },
    "ansi-styles": {
      "version": "3.2.1",
      "resolved": "https://registry.npm.taobao.org/ansi-styles/download/ansi-styles-3.2.1.tgz?cache=0&other_urls=https%3A%2F%2Fregistry.npm.taobao.org%2Fansi-styles%2Fdownload%2Fansi-styles-3.2.1.tgz",
      "integrity": "sha1-QfuyAkPlCxK+DwS43tvwdSDOhB0=",
      "requires": {
        "color-convert": "^1.9.0"
      }
    },
    "asn1": {
      "version": "0.2.4",
      "resolved": "http://registry.npm.taobao.org/asn1/download/asn1-0.2.4.tgz",
      "integrity": "sha1-jSR136tVO7M+d7VOWeiAu4ziMTY=",
      "requires": {
        "safer-buffer": "~2.1.0"
      }
    },
    "assert-plus": {
      "version": "1.0.0",
      "resolved": "http://registry.npm.taobao.org/assert-plus/download/assert-plus-1.0.0.tgz",
      "integrity": "sha1-8S4PPF13sLHN2RRpQuTpbB5N1SU="
    },
    "async": {
      "version": "0.2.10",
      "resolved": "https://registry.npm.taobao.org/async/download/async-0.2.10.tgz",
      "integrity": "sha1-trvgsGdLnXGXCMo43owjfLUmw9E="
    },
    "asynckit": {
      "version": "0.4.0",
      "resolved": "http://registry.npm.taobao.org/asynckit/download/asynckit-0.4.0.tgz",
      "integrity": "sha1-x57Zf380y48robyXkLzDZkdLS3k="
    },
    "aws-sign2": {
      "version": "0.7.0",
      "resolved": "http://registry.npm.taobao.org/aws-sign2/download/aws-sign2-0.7.0.tgz",
      "integrity": "sha1-tG6JCTSpWR8tL2+G1+ap8bP+dqg="
    },
    "aws4": {
      "version": "1.9.1",
      "resolved": "https://registry.npm.taobao.org/aws4/download/aws4-1.9.1.tgz?cache=0&sync_timestamp=1578959055063&other_urls=https%3A%2F%2Fregistry.npm.taobao.org%2Faws4%2Fdownload%2Faws4-1.9.1.tgz",
      "integrity": "sha1-fjPY99RJs/ZzzXLeuavcVS2+Uo4="
    },
    "balanced-match": {
      "version": "1.0.0",
      "resolved": "http://registry.npm.taobao.org/balanced-match/download/balanced-match-1.0.0.tgz",
      "integrity": "sha1-ibTRmasr7kneFk6gK4nORi1xt2c="
    },
    "bcrypt-pbkdf": {
      "version": "1.0.2",
      "resolved": "http://registry.npm.taobao.org/bcrypt-pbkdf/download/bcrypt-pbkdf-1.0.2.tgz",
      "integrity": "sha1-pDAdOJtqQ/m2f/PKEaP2Y342Dp4=",
      "requires": {
        "tweetnacl": "^0.14.3"
      }
    },
    "block-stream": {
      "version": "0.0.9",
      "resolved": "http://registry.npm.taobao.org/block-stream/download/block-stream-0.0.9.tgz",
      "integrity": "sha1-E+v+d4oDIFz+A3UUgeu0szAMEmo=",
      "requires": {
        "inherits": "~2.0.0"
      }
    },
    "brace-expansion": {
      "version": "1.1.11",
      "resolved": "http://registry.npm.taobao.org/brace-expansion/download/brace-expansion-1.1.11.tgz",
      "integrity": "sha1-PH/L9SnYcibz0vUrlm/1Jx60Qd0=",
      "requires": {
        "balanced-match": "^1.0.0",
        "concat-map": "0.0.1"
      }
    },
    "caseless": {
      "version": "0.12.0",
      "resolved": "http://registry.npm.taobao.org/caseless/download/caseless-0.12.0.tgz",
      "integrity": "sha1-G2gcIf+EAzyCZUMJBolCDRhxUdw="
    },
    "chalk": {
      "version": "2.4.2",
      "resolved": "https://registry.npm.taobao.org/chalk/download/chalk-2.4.2.tgz?cache=0&sync_timestamp=1573282949696&other_urls=https%3A%2F%2Fregistry.npm.taobao.org%2Fchalk%2Fdownload%2Fchalk-2.4.2.tgz",
      "integrity": "sha1-zUJUFnelQzPPVBpJEIwUMrRMlCQ=",
      "requires": {
        "ansi-styles": "^3.2.1",
        "escape-string-regexp": "^1.0.5",
        "supports-color": "^5.3.0"
      }
    },
    "chardet": {
      "version": "0.7.0",
      "resolved": "https://registry.npm.taobao.org/chardet/download/chardet-0.7.0.tgz",
      "integrity": "sha1-kAlISfCTfy7twkJdDSip5fDLrZ4="
    },
    "cli-cursor": {
      "version": "2.1.0",
      "resolved": "https://registry.npm.taobao.org/cli-cursor/download/cli-cursor-2.1.0.tgz",
      "integrity": "sha1-s12sN2R5+sw+lHR9QdDQ9SOP/LU=",
      "requires": {
        "restore-cursor": "^2.0.0"
      }
    },
    "cli-table3": {
      "version": "0.5.1",
      "resolved": "https://registry.npm.taobao.org/cli-table3/download/cli-table3-0.5.1.tgz",
      "integrity": "sha1-AlI3LZTfxA29jfBgBfSPMfZW8gI=",
      "requires": {
        "colors": "^1.1.2",
        "object-assign": "^4.1.0",
        "string-width": "^2.1.1"
      }
    },
    "cli-width": {
      "version": "2.2.0",
      "resolved": "http://registry.npm.taobao.org/cli-width/download/cli-width-2.2.0.tgz",
      "integrity": "sha1-/xnt6Kml5XkyQUewwR8PvLq+1jk="
    },
    "color-convert": {
      "version": "1.9.3",
      "resolved": "https://registry.npm.taobao.org/color-convert/download/color-convert-1.9.3.tgz",
      "integrity": "sha1-u3GFBpDh8TZWfeYp0tVHHe2kweg=",
      "requires": {
        "color-name": "1.1.3"
      }
    },
    "color-name": {
      "version": "1.1.3",
      "resolved": "http://registry.npm.taobao.org/color-name/download/color-name-1.1.3.tgz",
      "integrity": "sha1-p9BVi9icQveV3UIyj3QIMcpTvCU="
    },
    "colors": {
      "version": "1.4.0",
      "resolved": "https://registry.npm.taobao.org/colors/download/colors-1.4.0.tgz",
      "integrity": "sha1-xQSRR51MG9rtLJztMs98fcI2D3g=",
      "optional": true
    },
    "combined-stream": {
      "version": "1.0.8",
      "resolved": "https://registry.npm.taobao.org/combined-stream/download/combined-stream-1.0.8.tgz",
      "integrity": "sha1-w9RaizT9cwYxoRCoolIGgrMdWn8=",
      "requires": {
        "delayed-stream": "~1.0.0"
      }
    },
    "concat-map": {
      "version": "0.0.1",
      "resolved": "http://registry.npm.taobao.org/concat-map/download/concat-map-0.0.1.tgz",
      "integrity": "sha1-2Klr13/Wjfd5OnMDajug1UBdR3s="
    },
    "core-util-is": {
      "version": "1.0.2",
      "resolved": "http://registry.npm.taobao.org/core-util-is/download/core-util-is-1.0.2.tgz",
      "integrity": "sha1-tf1UIgqivFq1eqtxQMlAdUUDwac="
    },
    "cycle": {
      "version": "1.0.3",
      "resolved": "https://registry.npm.taobao.org/cycle/download/cycle-1.0.3.tgz",
      "integrity": "sha1-IegLK+hYD5i0aPN5QwZisEbDStI="
    },
    "dashdash": {
      "version": "1.14.1",
      "resolved": "http://registry.npm.taobao.org/dashdash/download/dashdash-1.14.1.tgz",
      "integrity": "sha1-hTz6D3y+L+1d4gMmuN1YEDX24vA=",
      "requires": {
        "assert-plus": "^1.0.0"
      }
    },
    "deep-equal": {
      "version": "2.0.1",
      "resolved": "https://registry.npm.taobao.org/deep-equal/download/deep-equal-2.0.1.tgz",
      "integrity": "sha1-/BK71oUOkyEvITRHSGgszFqIE88=",
      "requires": {
        "es-abstract": "^1.16.3",
        "es-get-iterator": "^1.0.1",
        "is-arguments": "^1.0.4",
        "is-date-object": "^1.0.1",
        "is-regex": "^1.0.4",
        "isarray": "^2.0.5",
        "object-is": "^1.0.1",
        "object-keys": "^1.1.1",
        "regexp.prototype.flags": "^1.2.0",
        "side-channel": "^1.0.1",
        "which-boxed-primitive": "^1.0.1",
        "which-collection": "^1.0.0"
      }
    },
    "define-properties": {
      "version": "1.1.3",
      "resolved": "http://registry.npm.taobao.org/define-properties/download/define-properties-1.1.3.tgz",
      "integrity": "sha1-z4jabL7ib+bbcJT2HYcMvYTO6fE=",
      "requires": {
        "object-keys": "^1.0.12"
      }
    },
    "delayed-stream": {
      "version": "1.0.0",
      "resolved": "http://registry.npm.taobao.org/delayed-stream/download/delayed-stream-1.0.0.tgz",
      "integrity": "sha1-3zrhmayt+31ECqrgsp4icrJOxhk="
    },
    "ecc-jsbn": {
      "version": "0.1.2",
      "resolved": "http://registry.npm.taobao.org/ecc-jsbn/download/ecc-jsbn-0.1.2.tgz",
      "integrity": "sha1-OoOpBOVDUyh4dMVkt1SThoSamMk=",
      "requires": {
        "jsbn": "~0.1.0",
        "safer-buffer": "^2.1.0"
      }
    },
    "es-abstract": {
      "version": "1.17.4",
      "resolved": "https://registry.npm.taobao.org/es-abstract/download/es-abstract-1.17.4.tgz?cache=0&other_urls=https%3A%2F%2Fregistry.npm.taobao.org%2Fes-abstract%2Fdownload%2Fes-abstract-1.17.4.tgz",
      "integrity": "sha1-467fGXBrIOfCWUw1/A1XYFp54YQ=",
      "requires": {
        "es-to-primitive": "^1.2.1",
        "function-bind": "^1.1.1",
        "has": "^1.0.3",
        "has-symbols": "^1.0.1",
        "is-callable": "^1.1.5",
        "is-regex": "^1.0.5",
        "object-inspect": "^1.7.0",
        "object-keys": "^1.1.1",
        "object.assign": "^4.1.0",
        "string.prototype.trimleft": "^2.1.1",
        "string.prototype.trimright": "^2.1.1"
      }
    },
    "es-get-iterator": {
      "version": "1.1.0",
      "resolved": "https://registry.npm.taobao.org/es-get-iterator/download/es-get-iterator-1.1.0.tgz",
      "integrity": "sha1-u5itnW1jsxqs3I+J1dDuV7y1tMg=",
      "requires": {
        "es-abstract": "^1.17.4",
        "has-symbols": "^1.0.1",
        "is-arguments": "^1.0.4",
        "is-map": "^2.0.1",
        "is-set": "^2.0.1",
        "is-string": "^1.0.5",
        "isarray": "^2.0.5"
      }
    },
    "es-to-primitive": {
      "version": "1.2.1",
      "resolved": "https://registry.npm.taobao.org/es-to-primitive/download/es-to-primitive-1.2.1.tgz",
      "integrity": "sha1-5VzUyc3BiLzvsDs2bHNjI/xciYo=",
      "requires": {
        "is-callable": "^1.1.4",
        "is-date-object": "^1.0.1",
        "is-symbol": "^1.0.2"
      }
    },
    "escape-string-regexp": {
      "version": "1.0.5",
      "resolved": "https://registry.npm.taobao.org/escape-string-regexp/download/escape-string-regexp-1.0.5.tgz",
      "integrity": "sha1-G2HAViGQqN/2rjuyzwIAyhMLhtQ="
    },
    "extend": {
      "version": "3.0.2",
      "resolved": "http://registry.npm.taobao.org/extend/download/extend-3.0.2.tgz",
      "integrity": "sha1-+LETa0Bx+9jrFAr/hYsQGewpFfo="
    },
    "external-editor": {
      "version": "3.1.0",
      "resolved": "https://registry.npm.taobao.org/external-editor/download/external-editor-3.1.0.tgz?cache=0&sync_timestamp=1562602052556&other_urls=https%3A%2F%2Fregistry.npm.taobao.org%2Fexternal-editor%2Fdownload%2Fexternal-editor-3.1.0.tgz",
      "integrity": "sha1-ywP3QL764D6k0oPK7SdBqD8zVJU=",
      "requires": {
        "chardet": "^0.7.0",
        "iconv-lite": "^0.4.24",
        "tmp": "^0.0.33"
      }
    },
    "extsprintf": {
      "version": "1.3.0",
      "resolved": "http://registry.npm.taobao.org/extsprintf/download/extsprintf-1.3.0.tgz",
      "integrity": "sha1-lpGEQOMEGnpBT4xS48V06zw+HgU="
    },
    "eyes": {
      "version": "0.1.8",
      "resolved": "https://registry.npm.taobao.org/eyes/download/eyes-0.1.8.tgz",
      "integrity": "sha1-Ys8SAjTGg3hdkCNIqADvPgzCC8A="
    },
    "fast-deep-equal": {
      "version": "3.1.1",
      "resolved": "https://registry.npm.taobao.org/fast-deep-equal/download/fast-deep-equal-3.1.1.tgz?cache=0&sync_timestamp=1575383928809&other_urls=https%3A%2F%2Fregistry.npm.taobao.org%2Ffast-deep-equal%2Fdownload%2Ffast-deep-equal-3.1.1.tgz",
      "integrity": "sha1-VFFFB3xQFJHjOxXsQIwpQ3bpSuQ="
    },
    "fast-json-stable-stringify": {
      "version": "2.1.0",
      "resolved": "https://registry.npm.taobao.org/fast-json-stable-stringify/download/fast-json-stable-stringify-2.1.0.tgz?cache=0&other_urls=https%3A%2F%2Fregistry.npm.taobao.org%2Ffast-json-stable-stringify%2Fdownload%2Ffast-json-stable-stringify-2.1.0.tgz",
      "integrity": "sha1-h0v2nG9ATCtdmcSBNBOZ/VWJJjM="
    },
    "figures": {
      "version": "2.0.0",
      "resolved": "https://registry.npm.taobao.org/figures/download/figures-2.0.0.tgz?cache=0&sync_timestamp=1581865437156&other_urls=https%3A%2F%2Fregistry.npm.taobao.org%2Ffigures%2Fdownload%2Ffigures-2.0.0.tgz",
      "integrity": "sha1-OrGi0qYsi/tDGgyUy3l6L84nyWI=",
      "requires": {
        "escape-string-regexp": "^1.0.5"
      }
    },
    "forever-agent": {
      "version": "0.6.1",
      "resolved": "http://registry.npm.taobao.org/forever-agent/download/forever-agent-0.6.1.tgz",
      "integrity": "sha1-+8cfDEGt6zf5bFd60e1C2P2sypE="
    },
    "form-data": {
      "version": "2.3.3",
      "resolved": "https://registry.npm.taobao.org/form-data/download/form-data-2.3.3.tgz",
      "integrity": "sha1-3M5SwF9kTymManq5Nr1yTO/786Y=",
      "requires": {
        "asynckit": "^0.4.0",
        "combined-stream": "^1.0.6",
        "mime-types": "^2.1.12"
      }
    },
    "fs.realpath": {
      "version": "1.0.0",
      "resolved": "http://registry.npm.taobao.org/fs.realpath/download/fs.realpath-1.0.0.tgz",
      "integrity": "sha1-FQStJSMVjKpA20onh8sBQRmU6k8="
    },
    "fstream": {
      "version": "1.0.12",
      "resolved": "https://registry.npm.taobao.org/fstream/download/fstream-1.0.12.tgz",
      "integrity": "sha1-Touo7i1Ivk99DeUFRVVI6uWTIEU=",
      "requires": {
        "graceful-fs": "^4.1.2",
        "inherits": "~2.0.0",
        "mkdirp": ">=0.5 0",
        "rimraf": "2"
      }
    },
    "function-bind": {
      "version": "1.1.1",
      "resolved": "http://registry.npm.taobao.org/function-bind/download/function-bind-1.1.1.tgz",
      "integrity": "sha1-pWiZ0+o8m6uHS7l3O3xe3pL0iV0="
    },
    "getpass": {
      "version": "0.1.7",
      "resolved": "http://registry.npm.taobao.org/getpass/download/getpass-0.1.7.tgz",
      "integrity": "sha1-Xv+OPmhNVprkyysSgmBOi6YhSfo=",
      "requires": {
        "assert-plus": "^1.0.0"
      }
    },
    "glob": {
      "version": "7.1.6",
      "resolved": "https://registry.npm.taobao.org/glob/download/glob-7.1.6.tgz",
      "integrity": "sha1-FB8zuBp8JJLhJVlDB0gMRmeSeKY=",
      "requires": {
        "fs.realpath": "^1.0.0",
        "inflight": "^1.0.4",
        "inherits": "2",
        "minimatch": "^3.0.4",
        "once": "^1.3.0",
        "path-is-absolute": "^1.0.0"
      }
    },
    "graceful-fs": {
      "version": "4.2.3",
      "resolved": "https://registry.npm.taobao.org/graceful-fs/download/graceful-fs-4.2.3.tgz",
      "integrity": "sha1-ShL/G2A3bvCYYsIJPt2Qgyi+hCM="
    },
    "har-schema": {
      "version": "2.0.0",
      "resolved": "http://registry.npm.taobao.org/har-schema/download/har-schema-2.0.0.tgz",
      "integrity": "sha1-qUwiJOvKwEeCoNkDVSHyRzW37JI="
    },
    "har-validator": {
      "version": "5.1.3",
      "resolved": "http://registry.npm.taobao.org/har-validator/download/har-validator-5.1.3.tgz",
      "integrity": "sha1-HvievT5JllV2de7ZiTEQ3DUPoIA=",
      "requires": {
        "ajv": "^6.5.5",
        "har-schema": "^2.0.0"
      }
    },
    "has": {
      "version": "1.0.3",
      "resolved": "http://registry.npm.taobao.org/has/download/has-1.0.3.tgz",
      "integrity": "sha1-ci18v8H2qoJB8W3YFOAR4fQeh5Y=",
      "requires": {
        "function-bind": "^1.1.1"
      }
    },
    "has-flag": {
      "version": "3.0.0",
      "resolved": "https://registry.npm.taobao.org/has-flag/download/has-flag-3.0.0.tgz",
      "integrity": "sha1-tdRU3CGZriJWmfNGfloH87lVuv0="
    },
    "has-symbols": {
      "version": "1.0.1",
      "resolved": "https://registry.npm.taobao.org/has-symbols/download/has-symbols-1.0.1.tgz?cache=0&sync_timestamp=1573950719586&other_urls=https%3A%2F%2Fregistry.npm.taobao.org%2Fhas-symbols%2Fdownload%2Fhas-symbols-1.0.1.tgz",
      "integrity": "sha1-n1IUdYpEGWxAbZvXbOv4HsLdMeg="
    },
    "http-signature": {
      "version": "1.2.0",
      "resolved": "https://registry.npm.taobao.org/http-signature/download/http-signature-1.2.0.tgz?cache=0&sync_timestamp=1582586910479&other_urls=https%3A%2F%2Fregistry.npm.taobao.org%2Fhttp-signature%2Fdownload%2Fhttp-signature-1.2.0.tgz",
      "integrity": "sha1-muzZJRFHcvPZW2WmCruPfBj7rOE=",
      "requires": {
        "assert-plus": "^1.0.0",
        "jsprim": "^1.2.2",
        "sshpk": "^1.7.0"
      }
    },
    "i": {
      "version": "0.3.6",
      "resolved": "https://registry.npm.taobao.org/i/download/i-0.3.6.tgz",
      "integrity": "sha1-2WyScyB28HJxG2sQ/X1PZa2O4j0="
    },
    "iconv-lite": {
      "version": "0.4.24",
      "resolved": "https://registry.npm.taobao.org/iconv-lite/download/iconv-lite-0.4.24.tgz?cache=0&sync_timestamp=1579333928319&other_urls=https%3A%2F%2Fregistry.npm.taobao.org%2Ficonv-lite%2Fdownload%2Ficonv-lite-0.4.24.tgz",
      "integrity": "sha1-ICK0sl+93CHS9SSXSkdKr+czkIs=",
      "requires": {
        "safer-buffer": ">= 2.1.2 < 3"
      }
    },
    "inflight": {
      "version": "1.0.6",
      "resolved": "http://registry.npm.taobao.org/inflight/download/inflight-1.0.6.tgz",
      "integrity": "sha1-Sb1jMdfQLQwJvJEKEHW6gWW1bfk=",
      "requires": {
        "once": "^1.3.0",
        "wrappy": "1"
      }
    },
    "inherits": {
      "version": "2.0.4",
      "resolved": "https://registry.npm.taobao.org/inherits/download/inherits-2.0.4.tgz?cache=0&other_urls=https%3A%2F%2Fregistry.npm.taobao.org%2Finherits%2Fdownload%2Finherits-2.0.4.tgz",
      "integrity": "sha1-D6LGT5MpF8NDOg3tVTY6rjdBa3w="
    },
    "inquirer": {
      "version": "6.5.2",
      "resolved": "https://registry.npm.taobao.org/inquirer/download/inquirer-6.5.2.tgz?cache=0&sync_timestamp=1582956405644&other_urls=https%3A%2F%2Fregistry.npm.taobao.org%2Finquirer%2Fdownload%2Finquirer-6.5.2.tgz",
      "integrity": "sha1-rVCUI3XQNtMn/1KMCL1fqwiZKMo=",
      "requires": {
        "ansi-escapes": "^3.2.0",
        "chalk": "^2.4.2",
        "cli-cursor": "^2.1.0",
        "cli-width": "^2.0.0",
        "external-editor": "^3.0.3",
        "figures": "^2.0.0",
        "lodash": "^4.17.12",
        "mute-stream": "0.0.7",
        "run-async": "^2.2.0",
        "rxjs": "^6.4.0",
        "string-width": "^2.1.0",
        "strip-ansi": "^5.1.0",
        "through": "^2.3.6"
      },
      "dependencies": {
        "ansi-regex": {
          "version": "4.1.0",
          "resolved": "https://registry.npm.taobao.org/ansi-regex/download/ansi-regex-4.1.0.tgz",
          "integrity": "sha1-i5+PCM8ay4Q3Vqg5yox+MWjFGZc="
        },
        "strip-ansi": {
          "version": "5.2.0",
          "resolved": "https://registry.npm.taobao.org/strip-ansi/download/strip-ansi-5.2.0.tgz?cache=0&sync_timestamp=1573280518303&other_urls=https%3A%2F%2Fregistry.npm.taobao.org%2Fstrip-ansi%2Fdownload%2Fstrip-ansi-5.2.0.tgz",
          "integrity": "sha1-jJpTb+tq/JYr36WxBKUJHBrZwK4=",
          "requires": {
            "ansi-regex": "^4.1.0"
          }
        }
      }
    },
    "is-arguments": {
      "version": "1.0.4",
      "resolved": "https://registry.npm.taobao.org/is-arguments/download/is-arguments-1.0.4.tgz",
      "integrity": "sha1-P6+WbHy6D/Q3+zH2JQCC/PBEjPM="
    },
    "is-bigint": {
      "version": "1.0.0",
      "resolved": "https://registry.npm.taobao.org/is-bigint/download/is-bigint-1.0.0.tgz",
      "integrity": "sha1-c9qMMyCNAPEw6bXhXSPqySFWAcQ="
    },
    "is-boolean-object": {
      "version": "1.0.1",
      "resolved": "https://registry.npm.taobao.org/is-boolean-object/download/is-boolean-object-1.0.1.tgz",
      "integrity": "sha1-EO3AkA3RJ2l6kvb5gHx2F9aKxI4="
    },
    "is-callable": {
      "version": "1.1.5",
      "resolved": "https://registry.npm.taobao.org/is-callable/download/is-callable-1.1.5.tgz",
      "integrity": "sha1-9+RrWWiQRW23Tn9ul2yzJz0G+qs="
    },
    "is-date-object": {
      "version": "1.0.2",
      "resolved": "https://registry.npm.taobao.org/is-date-object/download/is-date-object-1.0.2.tgz?cache=0&sync_timestamp=1576729182289&other_urls=https%3A%2F%2Fregistry.npm.taobao.org%2Fis-date-object%2Fdownload%2Fis-date-object-1.0.2.tgz",
      "integrity": "sha1-vac28s2P0G0yhE53Q7+nSUw7/X4="
    },
    "is-domain": {
      "version": "0.0.1",
      "resolved": "https://registry.npm.taobao.org/is-domain/download/is-domain-0.0.1.tgz",
      "integrity": "sha1-f/sojVzO1rB8Ty35HJvpFTURNI4="
    },
    "is-fullwidth-code-point": {
      "version": "2.0.0",
      "resolved": "http://registry.npm.taobao.org/is-fullwidth-code-point/download/is-fullwidth-code-point-2.0.0.tgz",
      "integrity": "sha1-o7MKXE8ZkYMWeqq5O+764937ZU8="
    },
    "is-map": {
      "version": "2.0.1",
      "resolved": "https://registry.npm.taobao.org/is-map/download/is-map-2.0.1.tgz",
      "integrity": "sha1-Ug2vxDB7uOvDO4E95c58lADWRKE="
    },
    "is-number-object": {
      "version": "1.0.4",
      "resolved": "https://registry.npm.taobao.org/is-number-object/download/is-number-object-1.0.4.tgz?cache=0&sync_timestamp=1576730618795&other_urls=https%3A%2F%2Fregistry.npm.taobao.org%2Fis-number-object%2Fdownload%2Fis-number-object-1.0.4.tgz",
      "integrity": "sha1-NqyV50HPGLKD/B3fXoPaeY4+wZc="
    },
    "is-promise": {
      "version": "2.1.0",
      "resolved": "http://registry.npm.taobao.org/is-promise/download/is-promise-2.1.0.tgz",
      "integrity": "sha1-eaKp7OfwlugPNtKy87wWwf9L8/o="
    },
    "is-regex": {
      "version": "1.0.5",
      "resolved": "https://registry.npm.taobao.org/is-regex/download/is-regex-1.0.5.tgz",
      "integrity": "sha1-OdWJo1i/GJZ/cmlnEguPwa7XTq4=",
      "requires": {
        "has": "^1.0.3"
      }
    },
    "is-set": {
      "version": "2.0.1",
      "resolved": "https://registry.npm.taobao.org/is-set/download/is-set-2.0.1.tgz",
      "integrity": "sha1-0WBK/asXJJhtMAkVdfVJRdp+X0M="
    },
    "is-string": {
      "version": "1.0.5",
      "resolved": "https://registry.npm.taobao.org/is-string/download/is-string-1.0.5.tgz?cache=0&other_urls=https%3A%2F%2Fregistry.npm.taobao.org%2Fis-string%2Fdownload%2Fis-string-1.0.5.tgz",
      "integrity": "sha1-QEk+0ZjvP/R3uMf5L2ROyCpc06Y="
    },
    "is-symbol": {
      "version": "1.0.3",
      "resolved": "https://registry.npm.taobao.org/is-symbol/download/is-symbol-1.0.3.tgz?cache=0&sync_timestamp=1574296409833&other_urls=https%3A%2F%2Fregistry.npm.taobao.org%2Fis-symbol%2Fdownload%2Fis-symbol-1.0.3.tgz",
      "integrity": "sha1-OOEBS55jKb4N6dJKQU/XRB7GGTc=",
      "requires": {
        "has-symbols": "^1.0.1"
      }
    },
    "is-typedarray": {
      "version": "1.0.0",
      "resolved": "http://registry.npm.taobao.org/is-typedarray/download/is-typedarray-1.0.0.tgz",
      "integrity": "sha1-5HnICFjfDBsR3dppQPlgEfzaSpo="
    },
    "is-weakmap": {
      "version": "2.0.1",
      "resolved": "https://registry.npm.taobao.org/is-weakmap/download/is-weakmap-2.0.1.tgz",
      "integrity": "sha1-UAi1m9xDtpggHRj2KzeyyiQ+jPI="
    },
    "is-weakset": {
      "version": "2.0.1",
      "resolved": "https://registry.npm.taobao.org/is-weakset/download/is-weakset-2.0.1.tgz",
      "integrity": "sha1-6aCviNvXUVifXlDYD0yYt4CIT4M="
    },
    "isarray": {
      "version": "2.0.5",
      "resolved": "https://registry.npm.taobao.org/isarray/download/isarray-2.0.5.tgz?cache=0&sync_timestamp=1562592096220&other_urls=https%3A%2F%2Fregistry.npm.taobao.org%2Fisarray%2Fdownload%2Fisarray-2.0.5.tgz",
      "integrity": "sha1-ivHkwSISRMxiRZ+vOJQNTmRKVyM="
    },
    "isstream": {
      "version": "0.1.2",
      "resolved": "http://registry.npm.taobao.org/isstream/download/isstream-0.1.2.tgz",
      "integrity": "sha1-R+Y/evVa+m+S4VAOaQ64uFKcCZo="
    },
    "jsbn": {
      "version": "0.1.1",
      "resolved": "http://registry.npm.taobao.org/jsbn/download/jsbn-0.1.1.tgz",
      "integrity": "sha1-peZUwuWi3rXyAdls77yoDA7y9RM="
    },
    "json-schema": {
      "version": "0.2.3",
      "resolved": "https://registry.npm.taobao.org/json-schema/download/json-schema-0.2.3.tgz?cache=0&sync_timestamp=1567740732347&other_urls=https%3A%2F%2Fregistry.npm.taobao.org%2Fjson-schema%2Fdownload%2Fjson-schema-0.2.3.tgz",
      "integrity": "sha1-tIDIkuWaLwWVTOcnvT8qTogvnhM="
    },
    "json-schema-traverse": {
      "version": "0.4.1",
      "resolved": "http://registry.npm.taobao.org/json-schema-traverse/download/json-schema-traverse-0.4.1.tgz",
      "integrity": "sha1-afaofZUTq4u4/mO9sJecRI5oRmA="
    },
    "json-stringify-safe": {
      "version": "5.0.1",
      "resolved": "http://registry.npm.taobao.org/json-stringify-safe/download/json-stringify-safe-5.0.1.tgz",
      "integrity": "sha1-Epai1Y/UXxmg9s4B1lcB4sc1tus="
    },
    "jsprim": {
      "version": "1.4.1",
      "resolved": "http://registry.npm.taobao.org/jsprim/download/jsprim-1.4.1.tgz",
      "integrity": "sha1-MT5mvB5cwG5Di8G3SZwuXFastqI=",
      "requires": {
        "assert-plus": "1.0.0",
        "extsprintf": "1.3.0",
        "json-schema": "0.2.3",
        "verror": "1.10.0"
      }
    },
    "lodash": {
      "version": "4.17.15",
      "resolved": "https://registry.npm.taobao.org/lodash/download/lodash-4.17.15.tgz?cache=0&sync_timestamp=1571657272199&other_urls=https%3A%2F%2Fregistry.npm.taobao.org%2Flodash%2Fdownload%2Flodash-4.17.15.tgz",
      "integrity": "sha1-tEf2ZwoEVbv+7dETku/zMOoJdUg="
    },
    "mime-db": {
      "version": "1.43.0",
      "resolved": "https://registry.npm.taobao.org/mime-db/download/mime-db-1.43.0.tgz?cache=0&sync_timestamp=1578281193492&other_urls=https%3A%2F%2Fregistry.npm.taobao.org%2Fmime-db%2Fdownload%2Fmime-db-1.43.0.tgz",
      "integrity": "sha1-ChLgUCZQ5HPXNVNQUOfI9OtPrlg="
    },
    "mime-types": {
      "version": "2.1.26",
      "resolved": "https://registry.npm.taobao.org/mime-types/download/mime-types-2.1.26.tgz",
      "integrity": "sha1-nJIfwJt+FJpl39wNpNIJlyALCgY=",
      "requires": {
        "mime-db": "1.43.0"
      }
    },
    "mimic-fn": {
      "version": "1.2.0",
      "resolved": "https://registry.npm.taobao.org/mimic-fn/download/mimic-fn-1.2.0.tgz",
      "integrity": "sha1-ggyGo5M0ZA6ZUWkovQP8qIBX0CI="
    },
    "minimatch": {
      "version": "3.0.4",
      "resolved": "http://registry.npm.taobao.org/minimatch/download/minimatch-3.0.4.tgz",
      "integrity": "sha1-UWbihkV/AzBgZL5Ul+jbsMPTIIM=",
      "requires": {
        "brace-expansion": "^1.1.7"
      }
    },
    "minimist": {
      "version": "1.1.1",
      "resolved": "http://registry.npm.taobao.org/minimist/download/minimist-1.1.1.tgz",
      "integrity": "sha1-G8K8cWWM3KVxJHVoQ2NhWwtPaVs="
    },
    "mkdirp": {
      "version": "0.5.1",
      "resolved": "https://registry.npm.taobao.org/mkdirp/download/mkdirp-0.5.1.tgz?cache=0&sync_timestamp=1579899671093&other_urls=https%3A%2F%2Fregistry.npm.taobao.org%2Fmkdirp%2Fdownload%2Fmkdirp-0.5.1.tgz",
      "integrity": "sha1-MAV0OOrGz3+MR2fzhkjWaX11yQM=",
      "requires": {
        "minimist": "0.0.8"
      },
      "dependencies": {
        "minimist": {
          "version": "0.0.8",
          "resolved": "http://registry.npm.taobao.org/minimist/download/minimist-0.0.8.tgz",
          "integrity": "sha1-hX/Kv8M5fSYluCKCYuhqp6ARsF0="
        }
      }
    },
    "moniker": {
      "version": "0.1.2",
      "resolved": "https://registry.npm.taobao.org/moniker/download/moniker-0.1.2.tgz",
      "integrity": "sha1-hy37pXXc6o+gSlE1sT1fJL7MyX4="
    },
    "mute-stream": {
      "version": "0.0.7",
      "resolved": "http://registry.npm.taobao.org/mute-stream/download/mute-stream-0.0.7.tgz",
      "integrity": "sha1-MHXOk7whuPq0PhvE2n6BFe0ee6s="
    },
    "ncp": {
      "version": "0.4.2",
      "resolved": "https://registry.npm.taobao.org/ncp/download/ncp-0.4.2.tgz",
      "integrity": "sha1-q8xsvT7C7Spyn/bnwfqPAXhKhXQ="
    },
    "netrc": {
      "version": "0.1.4",
      "resolved": "https://registry.npm.taobao.org/netrc/download/netrc-0.1.4.tgz",
      "integrity": "sha1-a+lPysqNd63gqWcNxGCRTJRHJEQ="
    },
    "oauth-sign": {
      "version": "0.9.0",
      "resolved": "http://registry.npm.taobao.org/oauth-sign/download/oauth-sign-0.9.0.tgz",
      "integrity": "sha1-R6ewFrqmi1+g7PPe4IqFxnmsZFU="
    },
    "object-assign": {
      "version": "4.1.1",
      "resolved": "http://registry.npm.taobao.org/object-assign/download/object-assign-4.1.1.tgz",
      "integrity": "sha1-IQmtx5ZYh8/AXLvUQsrIv7s2CGM="
    },
    "object-inspect": {
      "version": "1.7.0",
      "resolved": "https://registry.npm.taobao.org/object-inspect/download/object-inspect-1.7.0.tgz?cache=0&other_urls=https%3A%2F%2Fregistry.npm.taobao.org%2Fobject-inspect%2Fdownload%2Fobject-inspect-1.7.0.tgz",
      "integrity": "sha1-9Pa9GBrXfwBrXs5gvQtvOY/3Smc="
    },
    "object-is": {
      "version": "1.0.2",
      "resolved": "https://registry.npm.taobao.org/object-is/download/object-is-1.0.2.tgz?cache=0&sync_timestamp=1576479714417&other_urls=https%3A%2F%2Fregistry.npm.taobao.org%2Fobject-is%2Fdownload%2Fobject-is-1.0.2.tgz",
      "integrity": "sha1-a4DrhP5FFJj2UAeYLwNaW0Re3sQ="
    },
    "object-keys": {
      "version": "1.1.1",
      "resolved": "https://registry.npm.taobao.org/object-keys/download/object-keys-1.1.1.tgz",
      "integrity": "sha1-HEfyct8nfzsdrwYWd9nILiMixg4="
    },
    "object.assign": {
      "version": "4.1.0",
      "resolved": "https://registry.npm.taobao.org/object.assign/download/object.assign-4.1.0.tgz",
      "integrity": "sha1-lovxEA15Vrs8oIbwBvhGs7xACNo=",
      "requires": {
        "define-properties": "^1.1.2",
        "function-bind": "^1.1.1",
        "has-symbols": "^1.0.0",
        "object-keys": "^1.0.11"
      }
    },
    "once": {
      "version": "1.4.0",
      "resolved": "http://registry.npm.taobao.org/once/download/once-1.4.0.tgz",
      "integrity": "sha1-WDsap3WWHUsROsF9nFC6753Xa9E=",
      "requires": {
        "wrappy": "1"
      }
    },
    "onetime": {
      "version": "2.0.1",
      "resolved": "https://registry.npm.taobao.org/onetime/download/onetime-2.0.1.tgz",
      "integrity": "sha1-BnQoIw/WdEOyeUsiu6UotoZ5YtQ=",
      "requires": {
        "mimic-fn": "^1.0.0"
      }
    },
    "os-tmpdir": {
      "version": "1.0.2",
      "resolved": "http://registry.npm.taobao.org/os-tmpdir/download/os-tmpdir-1.0.2.tgz",
      "integrity": "sha1-u+Z0BseaqFxc/sdm/lc0VV36EnQ="
    },
    "path-is-absolute": {
      "version": "1.0.1",
      "resolved": "http://registry.npm.taobao.org/path-is-absolute/download/path-is-absolute-1.0.1.tgz",
      "integrity": "sha1-F0uSaHNVNP+8es5r9TpanhtcX18="
    },
    "performance-now": {
      "version": "2.1.0",
      "resolved": "http://registry.npm.taobao.org/performance-now/download/performance-now-2.1.0.tgz",
      "integrity": "sha1-Ywn04OX6kT7BxpMHrjZLSzd8nns="
    },
    "pkginfo": {
      "version": "0.4.1",
      "resolved": "https://registry.npm.taobao.org/pkginfo/download/pkginfo-0.4.1.tgz",
      "integrity": "sha1-tUGO8EOd5UJfxJlQQtztFPsqhP8="
    },
    "progress": {
      "version": "1.1.8",
      "resolved": "http://registry.npm.taobao.org/progress/download/progress-1.1.8.tgz",
      "integrity": "sha1-4mDHj2Fhzdmw5WzD4Khd4Xx6V74="
    },
    "prompt": {
      "version": "0.2.14",
      "resolved": "https://registry.npm.taobao.org/prompt/download/prompt-0.2.14.tgz",
      "integrity": "sha1-V3VPZPVD/XsIRXB8gY7OYY8F/9w=",
      "requires": {
        "pkginfo": "0.x.x",
        "read": "1.0.x",
        "revalidator": "0.1.x",
        "utile": "0.2.x",
        "winston": "0.8.x"
      }
    },
    "psl": {
      "version": "1.7.0",
      "resolved": "https://registry.npm.taobao.org/psl/download/psl-1.7.0.tgz?cache=0&sync_timestamp=1577538558975&other_urls=https%3A%2F%2Fregistry.npm.taobao.org%2Fpsl%2Fdownload%2Fpsl-1.7.0.tgz",
      "integrity": "sha1-8cTEeo75cWfepda79IFtc26ISjw="
    },
    "punycode": {
      "version": "2.1.1",
      "resolved": "http://registry.npm.taobao.org/punycode/download/punycode-2.1.1.tgz",
      "integrity": "sha1-tYsBCsQMIsVldhbI0sLALHv0eew="
    },
    "qs": {
      "version": "6.5.3",
      "resolved": "https://registry.npmjs.org/qs/-/qs-6.5.3.tgz",
      "integrity": "sha512-qxXIEh4pCGfHICj1mAJQ2/2XVZkjCDTcEgfoSQxc/fYivUZxTkk7L3bDBJSoNrEzXI17oUO5Dp07ktqE5KzczA=="
    },
    "read": {
      "version": "1.0.5",
      "resolved": "https://registry.npm.taobao.org/read/download/read-1.0.5.tgz",
      "integrity": "sha1-AHo9FpR4qnEKSRcn5FPv+5LnYgM=",
      "requires": {
        "mute-stream": "~0.0.4"
      }
    },
    "regexp.prototype.flags": {
      "version": "1.3.0",
      "resolved": "https://registry.npm.taobao.org/regexp.prototype.flags/download/regexp.prototype.flags-1.3.0.tgz?cache=0&sync_timestamp=1576388141321&other_urls=https%3A%2F%2Fregistry.npm.taobao.org%2Fregexp.prototype.flags%2Fdownload%2Fregexp.prototype.flags-1.3.0.tgz",
      "integrity": "sha1-erqJs8E6ZFCdq888qNn7ub31y3U=",
      "requires": {
        "define-properties": "^1.1.3",
        "es-abstract": "^1.17.0-next.1"
      }
    },
    "request": {
      "version": "2.88.2",
      "resolved": "https://registry.npm.taobao.org/request/download/request-2.88.2.tgz?cache=0&other_urls=https%3A%2F%2Fregistry.npm.taobao.org%2Frequest%2Fdownload%2Frequest-2.88.2.tgz",
      "integrity": "sha1-1zyRhzHLWofaBH4gcjQUb2ZNErM=",
      "requires": {
        "aws-sign2": "~0.7.0",
        "aws4": "^1.8.0",
        "caseless": "~0.12.0",
        "combined-stream": "~1.0.6",
        "extend": "~3.0.2",
        "forever-agent": "~0.6.1",
        "form-data": "~2.3.2",
        "har-validator": "~5.1.3",
        "http-signature": "~1.2.0",
        "is-typedarray": "~1.0.0",
        "isstream": "~0.1.2",
        "json-stringify-safe": "~5.0.1",
        "mime-types": "~2.1.19",
        "oauth-sign": "~0.9.0",
        "performance-now": "^2.1.0",
        "qs": "~6.5.2",
        "safe-buffer": "^5.1.2",
        "tough-cookie": "~2.5.0",
        "tunnel-agent": "^0.6.0",
        "uuid": "^3.3.2"
      }
    },
    "restore-cursor": {
      "version": "2.0.0",
      "resolved": "https://registry.npm.taobao.org/restore-cursor/download/restore-cursor-2.0.0.tgz",
      "integrity": "sha1-n37ih/gv0ybU/RYpI9YhKe7g368=",
      "requires": {
        "onetime": "^2.0.0",
        "signal-exit": "^3.0.2"
      }
    },
    "revalidator": {
      "version": "0.1.8",
      "resolved": "https://registry.npm.taobao.org/revalidator/download/revalidator-0.1.8.tgz",
      "integrity": "sha1-/s5hv6DBtSoga9axgZgYS91SOjs="
    },
    "rimraf": {
      "version": "2.7.1",
      "resolved": "https://registry.npm.taobao.org/rimraf/download/rimraf-2.7.1.tgz?cache=0&sync_timestamp=1581257110269&other_urls=https%3A%2F%2Fregistry.npm.taobao.org%2Frimraf%2Fdownload%2Frimraf-2.7.1.tgz",
      "integrity": "sha1-NXl/E6f9rcVmFCwp1PB8ytSD4+w=",
      "requires": {
        "glob": "^7.1.3"
      }
    },
    "run-async": {
      "version": "2.4.0",
      "resolved": "https://registry.npm.taobao.org/run-async/download/run-async-2.4.0.tgz?cache=0&sync_timestamp=1582711719088&other_urls=https%3A%2F%2Fregistry.npm.taobao.org%2Frun-async%2Fdownload%2Frun-async-2.4.0.tgz",
      "integrity": "sha1-5ZBUpbhods+uB/Qx0Yy63cWU8eg=",
      "requires": {
        "is-promise": "^2.1.0"
      }
    },
    "rxjs": {
      "version": "6.5.4",
      "resolved": "https://registry.npm.taobao.org/rxjs/download/rxjs-6.5.4.tgz?cache=0&other_urls=https%3A%2F%2Fregistry.npm.taobao.org%2Frxjs%2Fdownload%2Frxjs-6.5.4.tgz",
      "integrity": "sha1-4Hd/4NGEzseHLfFH8wNXLUFOIRw=",
      "requires": {
        "tslib": "^1.9.0"
      }
    },
    "safe-buffer": {
      "version": "5.2.0",
      "resolved": "https://registry.npm.taobao.org/safe-buffer/download/safe-buffer-5.2.0.tgz?cache=0&sync_timestamp=1562377642757&other_urls=https%3A%2F%2Fregistry.npm.taobao.org%2Fsafe-buffer%2Fdownload%2Fsafe-buffer-5.2.0.tgz",
      "integrity": "sha1-t02uxJsRSPiMZLaNSbHoFcHy9Rk="
    },
    "safer-buffer": {
      "version": "2.1.2",
      "resolved": "http://registry.npm.taobao.org/safer-buffer/download/safer-buffer-2.1.2.tgz",
      "integrity": "sha1-RPoWGwGHuVSd2Eu5GAL5vYOFzWo="
    },
    "side-channel": {
      "version": "1.0.2",
      "resolved": "https://registry.npm.taobao.org/side-channel/download/side-channel-1.0.2.tgz",
      "integrity": "sha1-310auttOS/SvHNiFK/Ey0veHaUc=",
      "requires": {
        "es-abstract": "^1.17.0-next.1",
        "object-inspect": "^1.7.0"
      }
    },
    "signal-exit": {
      "version": "3.0.2",
      "resolved": "http://registry.npm.taobao.org/signal-exit/download/signal-exit-3.0.2.tgz",
      "integrity": "sha1-tf3AjxKH6hF4Yo5BXiUTK3NkbG0="
    },
    "split": {
      "version": "0.3.1",
      "resolved": "https://registry.npm.taobao.org/split/download/split-0.3.1.tgz?cache=0&other_urls=https%3A%2F%2Fregistry.npm.taobao.org%2Fsplit%2Fdownload%2Fsplit-0.3.1.tgz",
      "integrity": "sha1-zrzxQr9hu7ZLFBYo5ttIKikUZUw=",
      "requires": {
        "through": "2"
      }
    },
    "sshpk": {
      "version": "1.16.1",
      "resolved": "http://registry.npm.taobao.org/sshpk/download/sshpk-1.16.1.tgz",
      "integrity": "sha1-+2YcC+8ps520B2nuOfpwCT1vaHc=",
      "requires": {
        "asn1": "~0.2.3",
        "assert-plus": "^1.0.0",
        "bcrypt-pbkdf": "^1.0.0",
        "dashdash": "^1.12.0",
        "ecc-jsbn": "~0.1.1",
        "getpass": "^0.1.1",
        "jsbn": "~0.1.0",
        "safer-buffer": "^2.0.2",
        "tweetnacl": "~0.14.0"
      }
    },
    "stack-trace": {
      "version": "0.0.10",
      "resolved": "https://registry.npm.taobao.org/stack-trace/download/stack-trace-0.0.10.tgz",
      "integrity": "sha1-VHxws0fo0ytOEI6hoqFZ5f3eGcA="
    },
    "string-width": {
      "version": "2.1.1",
      "resolved": "https://registry.npm.taobao.org/string-width/download/string-width-2.1.1.tgz",
      "integrity": "sha1-q5Pyeo3BPSjKyBXEYhQ6bZASrp4=",
      "requires": {
        "is-fullwidth-code-point": "^2.0.0",
        "strip-ansi": "^4.0.0"
      }
    },
    "string.prototype.trimleft": {
      "version": "2.1.1",
      "resolved": "https://registry.npm.taobao.org/string.prototype.trimleft/download/string.prototype.trimleft-2.1.1.tgz",
      "integrity": "sha1-m9uKxqvW1gKxek7TIYcNL43O/HQ=",
      "requires": {
        "define-properties": "^1.1.3",
        "function-bind": "^1.1.1"
      }
    },
    "string.prototype.trimright": {
      "version": "2.1.1",
      "resolved": "https://registry.npm.taobao.org/string.prototype.trimright/download/string.prototype.trimright-2.1.1.tgz",
      "integrity": "sha1-RAMUsVmWyGbOigNBiU1FGGIAxdk=",
      "requires": {
        "define-properties": "^1.1.3",
        "function-bind": "^1.1.1"
      }
    },
    "strip-ansi": {
      "version": "4.0.0",
      "resolved": "https://registry.npm.taobao.org/strip-ansi/download/strip-ansi-4.0.0.tgz?cache=0&sync_timestamp=1573280518303&other_urls=https%3A%2F%2Fregistry.npm.taobao.org%2Fstrip-ansi%2Fdownload%2Fstrip-ansi-4.0.0.tgz",
      "integrity": "sha1-qEeQIusaw2iocTibY1JixQXuNo8=",
      "requires": {
        "ansi-regex": "^3.0.0"
      }
    },
    "supports-color": {
      "version": "5.5.0",
      "resolved": "https://registry.npm.taobao.org/supports-color/download/supports-color-5.5.0.tgz?cache=0&other_urls=https%3A%2F%2Fregistry.npm.taobao.org%2Fsupports-color%2Fdownload%2Fsupports-color-5.5.0.tgz",
      "integrity": "sha1-4uaaRKyHcveKHsCzW2id9lMO/I8=",
      "requires": {
        "has-flag": "^3.0.0"
      }
    },
    "surge": {
      "version": "0.21.3",
      "resolved": "https://registry.npm.taobao.org/surge/download/surge-0.21.3.tgz",
      "integrity": "sha1-ir+6d7rFUdDbm64PwUpFCHT9no0=",
      "requires": {
        "cli-table3": "^0.5.1",
        "inquirer": "^6.2.2",
        "is-domain": "0.0.1",
        "minimist": "1.1.1",
        "moniker": "0.1.2",
        "netrc": "0.1.4",
        "progress": "1.1.8",
        "prompt": "~0.2.14",
        "read": "1.0.5",
        "request": "^2.88.0",
        "split": "0.3.1",
        "surge-fstream-ignore": "^1.0.6",
        "surge-ignore": "0.2.0",
        "tarr": "1.1.0",
        "url-parse-as-address": "1.0.0"
      }
    },
    "surge-fstream-ignore": {
      "version": "1.0.6",
      "resolved": "https://registry.npm.taobao.org/surge-fstream-ignore/download/surge-fstream-ignore-1.0.6.tgz",
      "integrity": "sha1-4w786VV0uR/VcbWwLzKmEeqClzE=",
      "requires": {
        "fstream": ">=1.0.12",
        "inherits": "2",
        "minimatch": "^3.0.0"
      }
    },
    "surge-ignore": {
      "version": "0.2.0",
      "resolved": "https://registry.npm.taobao.org/surge-ignore/download/surge-ignore-0.2.0.tgz",
      "integrity": "sha1-Wn+KIKcRiM+edaLP6OsYLekNrzs="
    },
    "tarr": {
      "version": "1.1.0",
      "resolved": "https://registry.npm.taobao.org/tarr/download/tarr-1.1.0.tgz",
      "integrity": "sha1-16lTLOl/CPUgC3iuCoKmiDFzyMg=",
      "requires": {
        "block-stream": "*",
        "fstream": ">=1.0.12",
        "inherits": "2"
      }
    },
    "through": {
      "version": "2.3.8",
      "resolved": "http://registry.npm.taobao.org/through/download/through-2.3.8.tgz",
      "integrity": "sha1-DdTJ/6q8NXlgsbckEV1+Doai4fU="
    },
    "tmp": {
      "version": "0.0.33",
      "resolved": "https://registry.npm.taobao.org/tmp/download/tmp-0.0.33.tgz",
      "integrity": "sha1-bTQzWIl2jSGyvNoKonfO07G/rfk=",
      "requires": {
        "os-tmpdir": "~1.0.2"
      }
    },
    "tough-cookie": {
      "version": "2.5.0",
      "resolved": "http://registry.npm.taobao.org/tough-cookie/download/tough-cookie-2.5.0.tgz",
      "integrity": "sha1-zZ+yoKodWhK0c72fuW+j3P9lreI=",
      "requires": {
        "psl": "^1.1.28",
        "punycode": "^2.1.1"
      }
    },
    "tslib": {
      "version": "1.11.1",
      "resolved": "https://registry.npm.taobao.org/tslib/download/tslib-1.11.1.tgz",
      "integrity": "sha1-6xXRKIJ/vuKEFUnhcfRe0zisfjU="
    },
    "tunnel-agent": {
      "version": "0.6.0",
      "resolved": "http://registry.npm.taobao.org/tunnel-agent/download/tunnel-agent-0.6.0.tgz",
      "integrity": "sha1-J6XeoGs2sEoKmWZ3SykIaPD8QP0=",
      "requires": {
        "safe-buffer": "^5.0.1"
      }
    },
    "tweetnacl": {
      "version": "0.14.5",
      "resolved": "https://registry.npm.taobao.org/tweetnacl/download/tweetnacl-0.14.5.tgz?cache=0&sync_timestamp=1581364252466&other_urls=https%3A%2F%2Fregistry.npm.taobao.org%2Ftweetnacl%2Fdownload%2Ftweetnacl-0.14.5.tgz",
      "integrity": "sha1-WuaBd/GS1EViadEIr6k/+HQ/T2Q="
    },
    "uri-js": {
      "version": "4.2.2",
      "resolved": "http://registry.npm.taobao.org/uri-js/download/uri-js-4.2.2.tgz",
      "integrity": "sha1-lMVA4f93KVbiKZUHwBCupsiDjrA=",
      "requires": {
        "punycode": "^2.1.0"
      }
    },
    "url-parse-as-address": {
      "version": "1.0.0",
      "resolved": "https://registry.npm.taobao.org/url-parse-as-address/download/url-parse-as-address-1.0.0.tgz",
      "integrity": "sha1-+4CQGIPzOLPL7TU49fqiatr38uc="
    },
    "utile": {
      "version": "0.2.1",
      "resolved": "https://registry.npm.taobao.org/utile/download/utile-0.2.1.tgz",
      "integrity": "sha1-kwyI6ZCY1iIINMNWy9mncFItkNc=",
      "requires": {
        "async": "~0.2.9",
        "deep-equal": "*",
        "i": "0.3.x",
        "mkdirp": "0.x.x",
        "ncp": "0.4.x",
        "rimraf": "2.x.x"
      }
    },
    "uuid": {
      "version": "3.4.0",
      "resolved": "https://registry.npm.taobao.org/uuid/download/uuid-3.4.0.tgz",
      "integrity": "sha1-sj5DWK+oogL+ehAK8fX4g/AgB+4="
    },
    "verror": {
      "version": "1.10.0",
      "resolved": "http://registry.npm.taobao.org/verror/download/verror-1.10.0.tgz",
      "integrity": "sha1-OhBcoXBTr1XW4nDB+CiGguGNpAA=",
      "requires": {
        "assert-plus": "^1.0.0",
        "core-util-is": "1.0.2",
        "extsprintf": "^1.2.0"
      }
    },
    "which-boxed-primitive": {
      "version": "1.0.1",
      "resolved": "https://registry.npm.taobao.org/which-boxed-primitive/download/which-boxed-primitive-1.0.1.tgz",
      "integrity": "sha1-y+j4OOvpG6JHG7aentvaZ6taXsE=",
      "requires": {
        "is-bigint": "^1.0.0",
        "is-boolean-object": "^1.0.0",
        "is-number-object": "^1.0.3",
        "is-string": "^1.0.4",
        "is-symbol": "^1.0.2"
      }
    },
    "which-collection": {
      "version": "1.0.1",
      "resolved": "https://registry.npm.taobao.org/which-collection/download/which-collection-1.0.1.tgz",
      "integrity": "sha1-cOq3Hru9Ku+vMvkXCC/GLNy3CQY=",
      "requires": {
        "is-map": "^2.0.1",
        "is-set": "^2.0.1",
        "is-weakmap": "^2.0.1",
        "is-weakset": "^2.0.1"
      }
    },
    "winston": {
      "version": "0.8.3",
      "resolved": "https://registry.npm.taobao.org/winston/download/winston-0.8.3.tgz?cache=0&other_urls=https%3A%2F%2Fregistry.npm.taobao.org%2Fwinston%2Fdownload%2Fwinston-0.8.3.tgz",
      "integrity": "sha1-ZLar9M0Brcrv1QCTk7HY6L7BnbA=",
      "requires": {
        "async": "0.2.x",
        "colors": "0.6.x",
        "cycle": "1.0.x",
        "eyes": "0.1.x",
        "isstream": "0.1.x",
        "pkginfo": "0.3.x",
        "stack-trace": "0.0.x"
      },
      "dependencies": {
        "colors": {
          "version": "0.6.2",
          "resolved": "https://registry.npm.taobao.org/colors/download/colors-0.6.2.tgz",
          "integrity": "sha1-JCP+ZnisDF2uiFLl0OW+CMmXq8w="
        },
        "pkginfo": {
          "version": "0.3.1",
          "resolved": "https://registry.npm.taobao.org/pkginfo/download/pkginfo-0.3.1.tgz",
          "integrity": "sha1-Wyn2qB9wcXFC4J52W76rl7T4HiE="
        }
      }
    },
    "wrappy": {
      "version": "1.0.2",
      "resolved": "http://registry.npm.taobao.org/wrappy/download/wrappy-1.0.2.tgz",
      "integrity": "sha1-tSQ9jz7BqjXxNkYFvA0QNuMKtp8="
    }
  }
}
